
Microsoft Visual Studio Solution File, Format Version 12.00
# Visual Studio 15
Project("{FAE04EC0-301F-11D3-BF4B-00C04F79EFBC}") = "MessageApp", "MessageApp.csproj", "{073A7807-8B75-41A5-AE2E-0F6CB290BD9C}"
EndProject
Global
	GlobalSection(SolutionConfigurationPlatforms) = preSolution
		Debug|Any CPU = Debug|Any CPU
		Release|Any CPU = Release|Any CPU
	EndGlobalSection
	GlobalSection(ProjectConfigurationPlatforms) = postSolution
		{073A7807-8B75-41A5-AE2E-0F6CB290BD9C}.Debug|Any CPU.ActiveCfg = Debug|Any CPU
		{073A7807-8B75-41A5-AE2E-0F6CB290BD9C}.Debug|Any CPU.Build.0 = Debug|Any CPU
		{073A7807-8B75-41A5-AE2E-0F6CB290BD9C}.Release|Any CPU.ActiveCfg = Release|Any CPU
		{073A7807-8B75-41A5-AE2E-0F6CB290BD9C}.Release|Any CPU.Build.0 = Release|Any CPU
	EndGlobalSection
EndGlobal
